
Microsoft Visual Studio Solution File, Format Version 12.00
# Visual Studio Version 17
VisualStudioVersion = 17.1.32328.378
MinimumVisualStudioVersion = 10.0.40219.1
Project("{8BC9CEB8-8B4A-11D0-8D11-00A0C91BC942}") = "POO4", "POO4\POO4.vcxproj", "{3802196C-5698-45D0-9576-7B22CD1D8ADF}"
EndProject
Global
	GlobalSection(SolutionConfigurationPlatforms) = preSolution
		Debug|x64 = Debug|x64
		Debug|x86 = Debug|x86
		Release|x64 = Release|x64
		Release|x86 = Release|x86
	EndGlobalSection
	GlobalSection(ProjectConfigurationPlatforms) = postSolution
		{3802196C-5698-45D0-9576-7B22CD1D8ADF}.Debug|x64.ActiveCfg = Debug|x64
		{3802196C-5698-45D0-9576-7B22CD1D8ADF}.Debug|x64.Build.0 = Debug|x64
		{3802196C-5698-45D0-9576-7B22CD1D8ADF}.Debug|x86.ActiveCfg = Debug|Win32
		{3802196C-5698-45D0-9576-7B22CD1D8ADF}.Debug|x86.Build.0 = Debug|Win32
		{3802196C-5698-45D0-9576-7B22CD1D8ADF}.Release|x64.ActiveCfg = Release|x64
		{3802196C-5698-45D0-9576-7B22CD1D8ADF}.Release|x64.Build.0 = Release|x64
		{3802196C-5698-45D0-9576-7B22CD1D8ADF}.Release|x86.ActiveCfg = Release|Win32
		{3802196C-5698-45D0-9576-7B22CD1D8ADF}.Release|x86.Build.0 = Release|Win32
	EndGlobalSection
	GlobalSection(SolutionProperties) = preSolution
		HideSolutionNode = FALSE
	EndGlobalSection
	GlobalSection(ExtensibilityGlobals) = postSolution
		SolutionGuid = {3308013E-AD78-4F9D-A28D-97D313EF27AC}
	EndGlobalSection
EndGlobal
